// !$*UTF8*$!
{
	archiveVersion = 1;
	classes = {
	};
	objectVersion = 46;
	objects = {

/* Begin PBXBuildFile section */
		417B9A851EFAFEAB00C4084E /* AppDelegate.swift in Sources */ = {isa = PBXBuildFile; fileRef = 417B9A841EFAFEAB00C4084E /* AppDelegate.swift */; };
		417B9A871EFAFEAB00C4084E /* ViewController.swift in Sources */ = {isa = PBXBuildFile; fileRef = 417B9A861EFAFEAB00C4084E /* ViewController.swift */; };
		417B9A8A1EFAFEAB00C4084E /* Main.storyboard in Resources */ = {isa = PBXBuildFile; fileRef = 417B9A881EFAFEAB00C4084E /* Main.storyboard */; };
		417B9A8C1EFAFEAB00C4084E /* Assets.xcassets in Resources */ = {isa = PBXBuildFile; fileRef = 417B9A8B1EFAFEAB00C4084E /* Assets.xcassets */; };
		417B9A8F1EFAFEAB00C4084E /* LaunchScreen.storyboard in Resources */ = {isa = PBXBuildFile; fileRef = 417B9A8D1EFAFEAB00C4084E /* LaunchScreen.storyboard */; };
		417B9A9A1EFAFEAB00C4084E /* DemoChartsTests.swift in Sources */ = {isa = PBXBuildFile; fileRef = 417B9A991EFAFEAB00C4084E /* DemoChartsTests.swift */; };
/* End PBXBuildFile section */

/* Begin PBXContainerItemProxy section */
		417B9A961EFAFEAB00C4084E /* PBXContainerItemProxy */ = {
			isa = PBXContainerItemProxy;
			containerPortal = 417B9A791EFAFEAB00C4084E /* Project object */;
			proxyType = 1;
			remoteGlobalIDString = 417B9A801EFAFEAB00C4084E;
			remoteInfo = DemoCharts;
		};
/* End PBXContainerItemProxy section */

/* Begin PBXFileReference section */
		417B9A811EFAFEAB00C4084E /* DemoCharts.app */ = {isa = PBXFileReference; explicitFileType = wrapper.application; includeInIndex = 0; path = DemoCharts.app; sourceTree = BUILT_PRODUCTS_DIR; };
		417B9A841EFAFEAB00C4084E /* AppDelegate.swift */ = {isa = PBXFileReference; lastKnownFileType = sourcecode.swift; path = AppDelegate.swift; sourceTree = "<group>"; };
		417B9A861EFAFEAB00C4084E /* ViewController.swift */ = {isa = PBXFileReference; lastKnownFileType = sourcecode.swift; path = ViewController.swift; sourceTree = "<group>"; };
		417B9A891EFAFEAB00C4084E /* Base */ = {isa = PBXFileReference; lastKnownFileType = file.storyboard; name = Base; path = Base.lproj/Main.storyboard; sourceTree = "<group>"; };
		417B9A8B1EFAFEAB00C4084E /* Assets.xcassets */ = {isa = PBXFileReference; lastKnownFileType = folder.assetcatalog; path = Assets.xcassets; sourceTree = "<group>"; };
		417B9A8E1EFAFEAB00C4084E /* Base */ = {isa = PBXFileReference; lastKnownFileType = file.storyboard; name = Base; path = Base.lproj/LaunchScreen.storyboard; sourceTree = "<group>"; };
		417B9A901EFAFEAB00C4084E /* Info.plist */ = {isa = PBXFileReference; lastKnownFileType = text.plist.xml; path = Info.plist; sourceTree = "<group>"; };
		417B9A951EFAFEAB00C4084E /* DemoChartsTests.xctest */ = {isa = PBXFileReference; explicitFileType = wrapper.cfbundle; includeInIndex = 0; path = DemoChartsTests.xctest; sourceTree = BUILT_PRODUCTS_DIR; };
		417B9A991EFAFEAB00C4084E /* DemoChartsTests.swift */ = {isa = PBXFileReference; lastKnownFileType = sourcecode.swift; path = DemoChartsTests.swift; sourceTree = "<group>"; };
		417B9A9B1EFAFEAB00C4084E /* Info.plist */ = {isa = PBXFileReference; lastKnownFileType = text.plist.xml; path = Info.plist; sourceTree = "<group>"; };
/* End PBXFileReference section */

/* Begin PBXFrameworksBuildPhase section */
		417B9A7E1EFAFEAB00C4084E /* Frameworks */ = {
			isa = PBXFrameworksBuildPhase;
			buildActionMask = 2147483647;
			files = (
			);
			runOnlyForDeploymentPostprocessing = 0;
		};
		417B9A921EFAFEAB00C4084E /* Frameworks */ = {
			isa = PBXFrameworksBuildPhase;
			buildActionMask = 2147483647;
			files = (
			);
			runOnlyForDeploymentPostprocessing = 0;
		};
/* End PBXFrameworksBuildPhase section */

/* Begin PBXGroup section */
		417B9A781EFAFEAB00C4084E = {
			isa = PBXGroup;
			children = (
				417B9A831EFAFEAB00C4084E /* DemoCharts */,
				417B9A981EFAFEAB00C4084E /* DemoChartsTests */,
				417B9A821EFAFEAB00C4084E /* Products */,
			);
			sourceTree = "<group>";
		};
		417B9A821EFAFEAB00C4084E /* Products */ = {
			isa = PBXGroup;
			children = (
				417B9A811EFAFEAB00C4084E /* DemoCharts.app */,
				417B9A951EFAFEAB00C4084E /* DemoChartsTests.xctest */,
			);
			name = Products;
			sourceTree = "<group>";
		};
		417B9A831EFAFEAB00C4084E /* DemoCharts */ = {
			isa = PBXGroup;
			children = (
				417B9A841EFAFEAB00C4084E /* AppDelegate.swift */,
				417B9A861EFAFEAB00C4084E /* ViewController.swift */,
				417B9A881EFAFEAB00C4084E /* Main.storyboard */,
				417B9A8B1EFAFEAB00C4084E /* Assets.xcassets */,
				417B9A8D1EFAFEAB00C4084E /* LaunchScreen.storyboard */,
				417B9A901EFAFEAB00C4084E /* Info.plist */,
			);
			path = DemoCharts;
			sourceTree = "<group>";
		};
		417B9A981EFAFEAB00C4084E /* DemoChartsTests */ = {
			isa = PBXGroup;
			children = (
				417B9A991EFAFEAB00C4084E /* DemoChartsTests.swift */,
				417B9A9B1EFAFEAB00C4084E /* Info.plist */,
			);
			path = DemoChartsTests;
			sourceTree = "<group>";
		};
/* End PBXGroup section */

/* Begin PBXNativeTarget section */
		417B9A801EFAFEAB00C4084E /* DemoCharts */ = {
			isa = PBXNativeTarget;
			buildConfigurationList = 417B9A9E1EFAFEAB00C4084E /* Build configuration list for PBXNativeTarget "DemoCharts" */;
			buildPhases = (
				417B9A7D1EFAFEAB00C4084E /* Sources */,
				417B9A7E1EFAFEAB00C4084E /* Frameworks */,
				417B9A7F1EFAFEAB00C4084E /* Resources */,
			);
			buildRules = (
			);
			dependencies = (
			);
			name = DemoCharts;
			productName = DemoCharts;
			productReference = 417B9A811EFAFEAB00C4084E /* DemoCharts.app */;
			productType = "com.apple.product-type.application";
		};
		417B9A941EFAFEAB00C4084E /* DemoChartsTests */ = {
			isa = PBXNativeTarget;
			buildConfigurationList = 417B9AA11EFAFEAB00C4084E /* Build configuration list for PBXNativeTarget "DemoChartsTests" */;
			buildPhases = (
				417B9A911EFAFEAB00C4084E /* Sources */,
				417B9A921EFAFEAB00C4084E /* Frameworks */,
				417B9A931EFAFEAB00C4084E /* Resources */,
			);
			buildRules = (
			);
			dependencies = (
				417B9A971EFAFEAB00C4084E /* PBXTargetDependency */,
			);
			name = DemoChartsTests;
			productName = DemoChartsTests;
			productReference = 417B9A951EFAFEAB00C4084E /* DemoChartsTests.xctest */;
			productType = "com.apple.product-type.bundle.unit-test";
		};
/* End PBXNativeTarget section */

/* Begin PBXProject section */
		417B9A791EFAFEAB00C4084E /* Project object */ = {
			isa = PBXProject;
			attributes = {
				LastSwiftUpdateCheck = 0830;
				LastUpgradeCheck = 0830;
				ORGANIZATIONNAME = "Nivardo Ibarra";
				TargetAttributes = {
					417B9A801EFAFEAB00C4084E = {
						CreatedOnToolsVersion = 8.3.3;
						ProvisioningStyle = Automatic;
					};
					417B9A941EFAFEAB00C4084E = {
						CreatedOnToolsVersion = 8.3.3;
						ProvisioningStyle = Automatic;
						TestTargetID = 417B9A801EFAFEAB00C4084E;
					};
				};
			};
			buildConfigurationList = 417B9A7C1EFAFEAB00C4084E /* Build configuration list for PBXProject "DemoCharts" */;
			compatibilityVersion = "Xcode 3.2";
			developmentRegion = English;
			hasScannedForEncodings = 0;
			knownRegions = (
				en,
				Base,
			);
			mainGroup = 417B9A781EFAFEAB00C4084E;
			productRefGroup = 417B9A821EFAFEAB00C4084E /* Products */;
			projectDirPath = "";
			projectRoot = "";
			targets = (
				417B9A801EFAFEAB00C4084E /* DemoCharts */,
				417B9A941EFAFEAB00C4084E /* DemoChartsTests */,
			);
		};
/* End PBXProject section */

/* Begin PBXResourcesBuildPhase section */
		417B9A7F1EFAFEAB00C4084E /* Resources */ = {
			isa = PBXResourcesBuildPhase;
			buildActionMask = 2147483647;
			files = (
				417B9A8F1EFAFEAB00C4084E /* LaunchScreen.storyboard in Resources */,
				417B9A8C1EFAFEAB00C4084E /* Assets.xcassets in Resources */,
				417B9A8A1EFAFEAB00C4084E /* Main.storyboard in Resources */,
			);
			runOnlyForDeploymentPostprocessing = 0;
		};
		417B9A931EFAFEAB00C4084E /* Resources */ = {
			isa = PBXResourcesBuildPhase;
			buildActionMask = 2147483647;
			files = (
			);
			runOnlyForDeploymentPostprocessing = 0;
		};
/* End PBXResourcesBuildPhase section */

/* Begin PBXSourcesBuildPhase section */
		417B9A7D1EFAFEAB00C4084E /* Sources */ = {
			isa = PBXSourcesBuildPhase;
			buildActionMask = 2147483647;
			files = (
				417B9A871EFAFEAB00C4084E /* ViewController.swift in Sources */,
				417B9A851EFAFEAB00C4084E /* AppDelegate.swift in Sources */,
			);
			runOnlyForDeploymentPostprocessing = 0;
		};
		417B9A911EFAFEAB00C4084E /* Sources */ = {
			isa = PBXSourcesBuildPhase;
			buildActionMask = 2147483647;
			files = (
				417B9A9A1EFAFEAB00C4084E /* DemoChartsTests.swift in Sources */,
			);
			runOnlyForDeploymentPostprocessing = 0;
		};
/* End PBXSourcesBuildPhase section */

/* Begin PBXTargetDependency section */
		417B9A971EFAFEAB00C4084E /* PBXTargetDependency */ = {
			isa = PBXTargetDependency;
			target = 417B9A801EFAFEAB00C4084E /* DemoCharts */;
			targetProxy = 417B9A961EFAFEAB00C4084E /* PBXContainerItemProxy */;
		};
/* End PBXTargetDependency section */

/* Begin PBXVariantGroup section */
		417B9A881EFAFEAB00C4084E /* Main.storyboard */ = {
			isa = PBXVariantGroup;
			children = (
				417B9A891EFAFEAB00C4084E /* Base */,
			);
			name = Main.storyboard;
			sourceTree = "<group>";
		};
		417B9A8D1EFAFEAB00C4084E /* LaunchScreen.storyboard */ = {
			isa = PBXVariantGroup;
			children = (
				417B9A8E1EFAFEAB00C4084E /* Base */,
			);
			name = LaunchScreen.storyboard;
			sourceTree = "<group>";
		};
/* End PBXVariantGroup section */

/* Begin XCBuildConfiguration section */
		417B9A9C1EFAFEAB00C4084E /* Debug */ = {
			isa = XCBuildConfiguration;
			buildSettings = {
				ALWAYS_SEARCH_USER_PATHS = NO;
				CLANG_ANALYZER_NONNULL = YES;
				CLANG_ANALYZER_NUMBER_OBJECT_CONVERSION = YES_AGGRESSIVE;
				CLANG_CXX_LANGUAGE_STANDARD = "gnu++0x";
				CLANG_CXX_LIBRARY = "libc++";
				CLANG_ENABLE_MODULES = YES;
				CLANG_ENABLE_OBJC_ARC = YES;
				CLANG_WARN_BOOL_CONVERSION = YES;
				CLANG_WARN_CONSTANT_CONVERSION = YES;
				CLANG_WARN_DIRECT_OBJC_ISA_USAGE = YES_ERROR;
				CLANG_WARN_DOCUMENTATION_COMMENTS = YES;
				CLANG_WARN_EMPTY_BODY = YES;
				CLANG_WARN_ENUM_CONVERSION = YES;
				CLANG_WARN_INFINITE_RECURSION = YES;
				CLANG_WARN_INT_CONVERSION = YES;
				CLANG_WARN_OBJC_ROOT_CLASS = YES_ERROR;
				CLANG_WARN_SUSPICIOUS_MOVE = YES;
				CLANG_WARN_UNREACHABLE_CODE = YES;
				CLANG_WARN__DUPLICATE_METHOD_MATCH = YES;
				"CODE_SIGN_IDENTITY[sdk=iphoneos*]" = "iPhone Developer";
				COPY_PHASE_STRIP = NO;
				DEBUG_INFORMATION_FORMAT = dwarf;
				ENABLE_STRICT_OBJC_MSGSEND = YES;
				ENABLE_TESTABILITY = YES;
				GCC_C_LANGUAGE_STANDARD = gnu99;
				GCC_DYNAMIC_NO_PIC = NO;
				GCC_NO_COMMON_BLOCKS = YES;
				GCC_OPTIMIZATION_LEVEL = 0;
				GCC_PREPROCESSOR_DEFINITIONS = (
					"DEBUG=1",
					"$(inherited)",
				);
				GCC_WARN_64_TO_32_BIT_CONVERSION = YES;
				GCC_WARN_ABOUT_RETURN_TYPE = YES_ERROR;
				GCC_WARN_UNDECLARED_SELECTOR = YES;
				GCC_WARN_UNINITIALIZED_AUTOS = YES_AGGRESSIVE;
				GCC_WARN_UNUSED_FUNCTION = YES;
				GCC_WARN_UNUSED_VARIABLE = YES;
				IPHONEOS_DEPLOYMENT_TARGET = 10.3;
				MTL_ENABLE_DEBUG_INFO = YES;
				ONLY_ACTIVE_ARCH = YES;
				SDKROOT = iphoneos;
				SWIFT_ACTIVE_COMPILATION_CONDITIONS = DEBUG;
				SWIFT_OPTIMIZATION_LEVEL = "-Onone";
				TARGETED_DEVICE_FAMILY = "1,2";
			};
			name = Debug;
		};
		417B9A9D1EFAFEAB00C4084E /* Release */ = {
			isa = XCBuildConfiguration;
			buildSettings = {
				ALWAYS_SEARCH_USER_PATHS = NO;
				CLANG_ANALYZER_NONNULL = YES;
				CLANG_ANALYZER_NUMBER_OBJECT_CONVERSION = YES_AGGRESSIVE;
				CLANG_CXX_LANGUAGE_STANDARD = "gnu++0x";
				CLANG_CXX_LIBRARY = "libc++";
				CLANG_ENABLE_MODULES = YES;
				CLANG_ENABLE_OBJC_ARC = YES;
				CLANG_WARN_BOOL_CONVERSION = YES;
				CLANG_WARN_CONSTANT_CONVERSION = YES;
				CLANG_WARN_DIRECT_OBJC_ISA_USAGE = YES_ERROR;
				CLANG_WARN_DOCUMENTATION_COMMENTS = YES;
				CLANG_WARN_EMPTY_BODY = YES;
				CLANG_WARN_ENUM_CONVERSION = YES;
				CLANG_WARN_INFINITE_RECURSION = YES;
				CLANG_WARN_INT_CONVERSION = YES;
				CLANG_WARN_OBJC_ROOT_CLASS = YES_ERROR;
				CLANG_WARN_SUSPICIOUS_MOVE = YES;
				CLANG_WARN_UNREACHABLE_CODE = YES;
				CLANG_WARN__DUPLICATE_METHOD_MATCH = YES;
				"CODE_SIGN_IDENTITY[sdk=iphoneos*]" = "iPhone Developer";
				COPY_PHASE_STRIP = NO;
				DEBUG_INFORMATION_FORMAT = "dwarf-with-dsym";
				ENABLE_NS_ASSERTIONS = NO;
				ENABLE_STRICT_OBJC_MSGSEND = YES;
				GCC_C_LANGUAGE_STANDARD = gnu99;
				GCC_NO_COMMON_BLOCKS = YES;
				GCC_WARN_64_TO_32_BIT_CONVERSION = YES;
				GCC_WARN_ABOUT_RETURN_TYPE = YES_ERROR;
				GCC_WARN_UNDECLARED_SELECTOR = YES;
				GCC_WARN_UNINITIALIZED_AUTOS = YES_AGGRESSIVE;
				GCC_WARN_UNUSED_FUNCTION = YES;
				GCC_WARN_UNUSED_VARIABLE = YES;
				IPHONEOS_DEPLOYMENT_TARGET = 10.3;
				MTL_ENABLE_DEBUG_INFO = NO;
				SDKROOT = iphoneos;
				SWIFT_OPTIMIZATION_LEVEL = "-Owholemodule";
				TARGETED_DEVICE_FAMILY = "1,2";
				VALIDATE_PRODUCT = YES;
			};
			name = Release;
		};
		417B9A9F1EFAFEAB00C4084E /* Debug */ = {
			isa = XCBuildConfiguration;
			buildSettings = {
				ASSETCATALOG_COMPILER_APPICON_NAME = AppIcon;
				INFOPLIST_FILE = DemoCharts/Info.plist;
				LD_RUNPATH_SEARCH_PATHS = "$(inherited) @executable_path/Frameworks";
				PRODUCT_BUNDLE_IDENTIFIER = bbva.DemoCharts;
				PRODUCT_NAME = "$(TARGET_NAME)";
				SWIFT_VERSION = 3.0;
			};
			name = Debug;
		};
		417B9AA01EFAFEAB00C4084E /* Release */ = {
			isa = XCBuildConfiguration;
			buildSettings = {
				ASSETCATALOG_COMPILER_APPICON_NAME = AppIcon;
				INFOPLIST_FILE = DemoCharts/Info.plist;
				LD_RUNPATH_SEARCH_PATHS = "$(inherited) @executable_path/Frameworks";
				PRODUCT_BUNDLE_IDENTIFIER = bbva.DemoCharts;
				PRODUCT_NAME = "$(TARGET_NAME)";
				SWIFT_VERSION = 3.0;
			};
			name = Release;
		};
		417B9AA21EFAFEAB00C4084E /* Debug */ = {
			isa = XCBuildConfiguration;
			buildSettings = {
				ALWAYS_EMBED_SWIFT_STANDARD_LIBRARIES = YES;
				BUNDLE_LOADER = "$(TEST_HOST)";
				INFOPLIST_FILE = DemoChartsTests/Info.plist;
				LD_RUNPATH_SEARCH_PATHS = "$(inherited) @executable_path/Frameworks @loader_path/Frameworks";
				PRODUCT_BUNDLE_IDENTIFIER = bbva.DemoChartsTests;
				PRODUCT_NAME = "$(TARGET_NAME)";
				SWIFT_VERSION = 3.0;
				TEST_HOST = "$(BUILT_PRODUCTS_DIR)/DemoCharts.app/DemoCharts";
			};
			name = Debug;
		};
		417B9AA31EFAFEAB00C4084E /* Release */ = {
			isa = XCBuildConfiguration;
			buildSettings = {
				ALWAYS_EMBED_SWIFT_STANDARD_LIBRARIES = YES;
				BUNDLE_LOADER = "$(TEST_HOST)";
				INFOPLIST_FILE = DemoChartsTests/Info.plist;
				LD_RUNPATH_SEARCH_PATHS = "$(inherited) @executable_path/Frameworks @loader_path/Frameworks";
				PRODUCT_BUNDLE_IDENTIFIER = bbva.DemoChartsTests;
				PRODUCT_NAME = "$(TARGET_NAME)";
				SWIFT_VERSION = 3.0;
				TEST_HOST = "$(BUILT_PRODUCTS_DIR)/DemoCharts.app/DemoCharts";
			};
			name = Release;
		};
/* End XCBuildConfiguration section */

/* Begin XCConfigurationList section */
		417B9A7C1EFAFEAB00C4084E /* Build configuration list for PBXProject "DemoCharts" */ = {
			isa = XCConfigurationList;
			buildConfigurations = (
				417B9A9C1EFAFEAB00C4084E /* Debug */,
				417B9A9D1EFAFEAB00C4084E /* Release */,
			);
			defaultConfigurationIsVisible = 0;
			defaultConfigurationName = Release;
		};
		417B9A9E1EFAFEAB00C4084E /* Build configuration list for PBXNativeTarget "DemoCharts" */ = {
			isa = XCConfigurationList;
			buildConfigurations = (
				417B9A9F1EFAFEAB00C4084E /* Debug */,
				417B9AA01EFAFEAB00C4084E /* Release */,
			);
			defaultConfigurationIsVisible = 0;
		};
		417B9AA11EFAFEAB00C4084E /* Build configuration list for PBXNativeTarget "DemoChartsTests" */ = {
			isa = XCConfigurationList;
			buildConfigurations = (
				417B9AA21EFAFEAB00C4084E /* Debug */,
				417B9AA31EFAFEAB00C4084E /* Release */,
			);
			defaultConfigurationIsVisible = 0;
		};
/* End XCConfigurationList section */
	};
	rootObject = 417B9A791EFAFEAB00C4084E /* Project object */;
}
